
Microsoft Visual Studio Solution File, Format Version 12.00
# Visual Studio 14
VisualStudioVersion = 14.0.25420.1
MinimumVisualStudioVersion = 10.0.40219.1
Project("{D954291E-2A0B-460D-934E-DC6B0785DB48}") = "FormsApp1", "FormsApp1\FormsApp1\FormsApp1.shproj", "{F6317AA3-AA9A-42CF-B9E7-8C52B8DEA4E0}"
EndProject
Project("{FAE04EC0-301F-11D3-BF4B-00C04F79EFBC}") = "FormsApp1.Droid", "FormsApp1\FormsApp1.Droid\FormsApp1.Droid.csproj", "{2139B873-467B-45A8-BB6C-915122D26073}"
EndProject
Project("{FAE04EC0-301F-11D3-BF4B-00C04F79EFBC}") = "FormsApp1.iOS", "FormsApp1\FormsApp1.iOS\FormsApp1.iOS.csproj", "{1E36BAE9-3436-4AC5-A4F8-EB185020A954}"
EndProject
Project("{FAE04EC0-301F-11D3-BF4B-00C04F79EFBC}") = "FormsApp1.UWP", "FormsApp1\FormsApp1.UWP\FormsApp1.UWP.csproj", "{8824BB1D-C17F-476E-8417-1DBC82C86232}"
EndProject
Project("{FAE04EC0-301F-11D3-BF4B-00C04F79EFBC}") = "FormsApp1.Windows", "FormsApp1\FormsApp1.Windows\FormsApp1.Windows.csproj", "{DA238F47-B9AC-47A0-8301-0E8B9DFA5C1E}"
EndProject
Global
	GlobalSection(SharedMSBuildProjectFiles) = preSolution
		FormsApp1\FormsApp1\FormsApp1.projitems*{1e36bae9-3436-4ac5-a4f8-eb185020a954}*SharedItemsImports = 4
		FormsApp1\FormsApp1\FormsApp1.projitems*{2139b873-467b-45a8-bb6c-915122d26073}*SharedItemsImports = 4
		FormsApp1\FormsApp1\FormsApp1.projitems*{8824bb1d-c17f-476e-8417-1dbc82c86232}*SharedItemsImports = 4
		FormsApp1\FormsApp1\FormsApp1.projitems*{f6317aa3-aa9a-42cf-b9e7-8c52b8dea4e0}*SharedItemsImports = 13
	EndGlobalSection
	GlobalSection(SolutionConfigurationPlatforms) = preSolution
		Ad-Hoc|Any CPU = Ad-Hoc|Any CPU
		Ad-Hoc|ARM = Ad-Hoc|ARM
		Ad-Hoc|iPhone = Ad-Hoc|iPhone
		Ad-Hoc|iPhoneSimulator = Ad-Hoc|iPhoneSimulator
		Ad-Hoc|x64 = Ad-Hoc|x64
		Ad-Hoc|x86 = Ad-Hoc|x86
		AppStore|Any CPU = AppStore|Any CPU
		AppStore|ARM = AppStore|ARM
		AppStore|iPhone = AppStore|iPhone
		AppStore|iPhoneSimulator = AppStore|iPhoneSimulator
		AppStore|x64 = AppStore|x64
		AppStore|x86 = AppStore|x86
		Debug|Any CPU = Debug|Any CPU
		Debug|ARM = Debug|ARM
		Debug|iPhone = Debug|iPhone
		Debug|iPhoneSimulator = Debug|iPhoneSimulator
		Debug|x64 = Debug|x64
		Debug|x86 = Debug|x86
		Release|Any CPU = Release|Any CPU
		Release|ARM = Release|ARM
		Release|iPhone = Release|iPhone
		Release|iPhoneSimulator = Release|iPhoneSimulator
		Release|x64 = Release|x64
		Release|x86 = Release|x86
	EndGlobalSection
	GlobalSection(ProjectConfigurationPlatforms) = postSolution
		{2139B873-467B-45A8-BB6C-915122D26073}.Ad-Hoc|Any CPU.ActiveCfg = Release|Any CPU
		{2139B873-467B-45A8-BB6C-915122D26073}.Ad-Hoc|Any CPU.Build.0 = Release|Any CPU
		{2139B873-467B-45A8-BB6C-915122D26073}.Ad-Hoc|Any CPU.Deploy.0 = Release|Any CPU
		{2139B873-467B-45A8-BB6C-915122D26073}.Ad-Hoc|ARM.ActiveCfg = Release|Any CPU
		{2139B873-467B-45A8-BB6C-915122D26073}.Ad-Hoc|ARM.Build.0 = Release|Any CPU
		{2139B873-467B-45A8-BB6C-915122D26073}.Ad-Hoc|ARM.Deploy.0 = Release|Any CPU
		{2139B873-467B-45A8-BB6C-915122D26073}.Ad-Hoc|iPhone.ActiveCfg = Release|Any CPU
		{2139B873-467B-45A8-BB6C-915122D26073}.Ad-Hoc|iPhone.Build.0 = Release|Any CPU
		{2139B873-467B-45A8-BB6C-915122D26073}.Ad-Hoc|iPhone.Deploy.0 = Release|Any CPU
		{2139B873-467B-45A8-BB6C-915122D26073}.Ad-Hoc|iPhoneSimulator.ActiveCfg = Release|Any CPU
		{2139B873-467B-45A8-BB6C-915122D26073}.Ad-Hoc|iPhoneSimulator.Build.0 = Release|Any CPU
		{2139B873-467B-45A8-BB6C-915122D26073}.Ad-Hoc|iPhoneSimulator.Deploy.0 = Release|Any CPU
		{2139B873-467B-45A8-BB6C-915122D26073}.Ad-Hoc|x64.ActiveCfg = Release|Any CPU
		{2139B873-467B-45A8-BB6C-915122D26073}.Ad-Hoc|x64.Build.0 = Release|Any CPU
		{2139B873-467B-45A8-BB6C-915122D26073}.Ad-Hoc|x64.Deploy.0 = Release|Any CPU
		{2139B873-467B-45A8-BB6C-915122D26073}.Ad-Hoc|x86.ActiveCfg = Release|Any CPU
		{2139B873-467B-45A8-BB6C-915122D26073}.Ad-Hoc|x86.Build.0 = Release|Any CPU
		{2139B873-467B-45A8-BB6C-915122D26073}.Ad-Hoc|x86.Deploy.0 = Release|Any CPU
		{2139B873-467B-45A8-BB6C-915122D26073}.AppStore|Any CPU.ActiveCfg = Release|Any CPU
		{2139B873-467B-45A8-BB6C-915122D26073}.AppStore|Any CPU.Build.0 = Release|Any CPU
		{2139B873-467B-45A8-BB6C-915122D26073}.AppStore|Any CPU.Deploy.0 = Release|Any CPU
		{2139B873-467B-45A8-BB6C-915122D26073}.AppStore|ARM.ActiveCfg = Release|Any CPU
		{2139B873-467B-45A8-BB6C-915122D26073}.AppStore|ARM.Build.0 = Release|Any CPU
		{2139B873-467B-45A8-BB6C-915122D26073}.AppStore|ARM.Deploy.0 = Release|Any CPU
		{2139B873-467B-45A8-BB6C-915122D26073}.AppStore|iPhone.ActiveCfg = Release|Any CPU
		{2139B873-467B-45A8-BB6C-915122D26073}.AppStore|iPhone.Build.0 = Release|Any CPU
		{2139B873-467B-45A8-BB6C-915122D26073}.AppStore|iPhone.Deploy.0 = Release|Any CPU
		{2139B873-467B-45A8-BB6C-915122D26073}.AppStore|iPhoneSimulator.ActiveCfg = Release|Any CPU
		{2139B873-467B-45A8-BB6C-915122D26073}.AppStore|iPhoneSimulator.Build.0 = Release|Any CPU
		{2139B873-467B-45A8-BB6C-915122D26073}.AppStore|iPhoneSimulator.Deploy.0 = Release|Any CPU
		{2139B873-467B-45A8-BB6C-915122D26073}.AppStore|x64.ActiveCfg = Release|Any CPU
		{2139B873-467B-45A8-BB6C-915122D26073}.AppStore|x64.Build.0 = Release|Any CPU
		{2139B873-467B-45A8-BB6C-915122D26073}.AppStore|x64.Deploy.0 = Release|Any CPU
		{2139B873-467B-45A8-BB6C-915122D26073}.AppStore|x86.ActiveCfg = Release|Any CPU
		{2139B873-467B-45A8-BB6C-915122D26073}.AppStore|x86.Build.0 = Release|Any CPU
		{2139B873-467B-45A8-BB6C-915122D26073}.AppStore|x86.Deploy.0 = Release|Any CPU
		{2139B873-467B-45A8-BB6C-915122D26073}.Debug|Any CPU.ActiveCfg = Debug|Any CPU
		{2139B873-467B-45A8-BB6C-915122D26073}.Debug|Any CPU.Build.0 = Debug|Any CPU
		{2139B873-467B-45A8-BB6C-915122D26073}.Debug|Any CPU.Deploy.0 = Debug|Any CPU
		{2139B873-467B-45A8-BB6C-915122D26073}.Debug|ARM.ActiveCfg = Debug|Any CPU
		{2139B873-467B-45A8-BB6C-915122D26073}.Debug|ARM.Build.0 = Debug|Any CPU
		{2139B873-467B-45A8-BB6C-915122D26073}.Debug|ARM.Deploy.0 = Debug|Any CPU
		{2139B873-467B-45A8-BB6C-915122D26073}.Debug|iPhone.ActiveCfg = Debug|Any CPU
		{2139B873-467B-45A8-BB6C-915122D26073}.Debug|iPhone.Build.0 = Debug|Any CPU
		{2139B873-467B-45A8-BB6C-915122D26073}.Debug|iPhone.Deploy.0 = Debug|Any CPU
		{2139B873-467B-45A8-BB6C-915122D26073}.Debug|iPhoneSimulator.ActiveCfg = Debug|Any CPU
		{2139B873-467B-45A8-BB6C-915122D26073}.Debug|iPhoneSimulator.Build.0 = Debug|Any CPU
		{2139B873-467B-45A8-BB6C-915122D26073}.Debug|iPhoneSimulator.Deploy.0 = Debug|Any CPU
		{2139B873-467B-45A8-BB6C-915122D26073}.Debug|x64.ActiveCfg = Debug|Any CPU
		{2139B873-467B-45A8-BB6C-915122D26073}.Debug|x64.Build.0 = Debug|Any CPU
		{2139B873-467B-45A8-BB6C-915122D26073}.Debug|x64.Deploy.0 = Debug|Any CPU
		{2139B873-467B-45A8-BB6C-915122D26073}.Debug|x86.ActiveCfg = Debug|Any CPU
		{2139B873-467B-45A8-BB6C-915122D26073}.Debug|x86.Build.0 = Debug|Any CPU
		{2139B873-467B-45A8-BB6C-915122D26073}.Debug|x86.Deploy.0 = Debug|Any CPU
		{2139B873-467B-45A8-BB6C-915122D26073}.Release|Any CPU.ActiveCfg = Release|Any CPU
		{2139B873-467B-45A8-BB6C-915122D26073}.Release|Any CPU.Build.0 = Release|Any CPU
		{2139B873-467B-45A8-BB6C-915122D26073}.Release|Any CPU.Deploy.0 = Release|Any CPU
		{2139B873-467B-45A8-BB6C-915122D26073}.Release|ARM.ActiveCfg = Release|Any CPU
		{2139B873-467B-45A8-BB6C-915122D26073}.Release|ARM.Build.0 = Release|Any CPU
		{2139B873-467B-45A8-BB6C-915122D26073}.Release|ARM.Deploy.0 = Release|Any CPU
		{2139B873-467B-45A8-BB6C-915122D26073}.Release|iPhone.ActiveCfg = Release|Any CPU
		{2139B873-467B-45A8-BB6C-915122D26073}.Release|iPhone.Build.0 = Release|Any CPU
		{2139B873-467B-45A8-BB6C-915122D26073}.Release|iPhone.Deploy.0 = Release|Any CPU
		{2139B873-467B-45A8-BB6C-915122D26073}.Release|iPhoneSimulator.ActiveCfg = Release|Any CPU
		{2139B873-467B-45A8-BB6C-915122D26073}.Release|iPhoneSimulator.Build.0 = Release|Any CPU
		{2139B873-467B-45A8-BB6C-915122D26073}.Release|iPhoneSimulator.Deploy.0 = Release|Any CPU
		{2139B873-467B-45A8-BB6C-915122D26073}.Release|x64.ActiveCfg = Release|Any CPU
		{2139B873-467B-45A8-BB6C-915122D26073}.Release|x64.Build.0 = Release|Any CPU
		{2139B873-467B-45A8-BB6C-915122D26073}.Release|x64.Deploy.0 = Release|Any CPU
		{2139B873-467B-45A8-BB6C-915122D26073}.Release|x86.ActiveCfg = Release|Any CPU
		{2139B873-467B-45A8-BB6C-915122D26073}.Release|x86.Build.0 = Release|Any CPU
		{2139B873-467B-45A8-BB6C-915122D26073}.Release|x86.Deploy.0 = Release|Any CPU
		{1E36BAE9-3436-4AC5-A4F8-EB185020A954}.Ad-Hoc|Any CPU.ActiveCfg = Ad-Hoc|iPhone
		{1E36BAE9-3436-4AC5-A4F8-EB185020A954}.Ad-Hoc|ARM.ActiveCfg = Ad-Hoc|iPhone
		{1E36BAE9-3436-4AC5-A4F8-EB185020A954}.Ad-Hoc|iPhone.ActiveCfg = Ad-Hoc|iPhone
		{1E36BAE9-3436-4AC5-A4F8-EB185020A954}.Ad-Hoc|iPhone.Build.0 = Ad-Hoc|iPhone
		{1E36BAE9-3436-4AC5-A4F8-EB185020A954}.Ad-Hoc|iPhoneSimulator.ActiveCfg = Ad-Hoc|iPhoneSimulator
		{1E36BAE9-3436-4AC5-A4F8-EB185020A954}.Ad-Hoc|iPhoneSimulator.Build.0 = Ad-Hoc|iPhoneSimulator
		{1E36BAE9-3436-4AC5-A4F8-EB185020A954}.Ad-Hoc|x64.ActiveCfg = Ad-Hoc|iPhone
		{1E36BAE9-3436-4AC5-A4F8-EB185020A954}.Ad-Hoc|x86.ActiveCfg = Ad-Hoc|iPhone
		{1E36BAE9-3436-4AC5-A4F8-EB185020A954}.AppStore|Any CPU.ActiveCfg = AppStore|iPhone
		{1E36BAE9-3436-4AC5-A4F8-EB185020A954}.AppStore|ARM.ActiveCfg = AppStore|iPhone
		{1E36BAE9-3436-4AC5-A4F8-EB185020A954}.AppStore|iPhone.ActiveCfg = AppStore|iPhone
		{1E36BAE9-3436-4AC5-A4F8-EB185020A954}.AppStore|iPhone.Build.0 = AppStore|iPhone
		{1E36BAE9-3436-4AC5-A4F8-EB185020A954}.AppStore|iPhoneSimulator.ActiveCfg = AppStore|iPhoneSimulator
		{1E36BAE9-3436-4AC5-A4F8-EB185020A954}.AppStore|iPhoneSimulator.Build.0 = AppStore|iPhoneSimulator
		{1E36BAE9-3436-4AC5-A4F8-EB185020A954}.AppStore|x64.ActiveCfg = AppStore|iPhone
		{1E36BAE9-3436-4AC5-A4F8-EB185020A954}.AppStore|x86.ActiveCfg = AppStore|iPhone
		{1E36BAE9-3436-4AC5-A4F8-EB185020A954}.Debug|Any CPU.ActiveCfg = Debug|iPhone
		{1E36BAE9-3436-4AC5-A4F8-EB185020A954}.Debug|ARM.ActiveCfg = Debug|iPhone
		{1E36BAE9-3436-4AC5-A4F8-EB185020A954}.Debug|iPhone.ActiveCfg = Debug|iPhone
		{1E36BAE9-3436-4AC5-A4F8-EB185020A954}.Debug|iPhone.Build.0 = Debug|iPhone
		{1E36BAE9-3436-4AC5-A4F8-EB185020A954}.Debug|iPhoneSimulator.ActiveCfg = Debug|iPhoneSimulator
		{1E36BAE9-3436-4AC5-A4F8-EB185020A954}.Debug|iPhoneSimulator.Build.0 = Debug|iPhoneSimulator
		{1E36BAE9-3436-4AC5-A4F8-EB185020A954}.Debug|x64.ActiveCfg = Debug|iPhone
		{1E36BAE9-3436-4AC5-A4F8-EB185020A954}.Debug|x86.ActiveCfg = Debug|iPhone
		{1E36BAE9-3436-4AC5-A4F8-EB185020A954}.Release|Any CPU.ActiveCfg = Release|iPhone
		{1E36BAE9-3436-4AC5-A4F8-EB185020A954}.Release|ARM.ActiveCfg = Release|iPhone
		{1E36BAE9-3436-4AC5-A4F8-EB185020A954}.Release|iPhone.ActiveCfg = Release|iPhone
		{1E36BAE9-3436-4AC5-A4F8-EB185020A954}.Release|iPhone.Build.0 = Release|iPhone
		{1E36BAE9-3436-4AC5-A4F8-EB185020A954}.Release|iPhoneSimulator.ActiveCfg = Release|iPhoneSimulator
		{1E36BAE9-3436-4AC5-A4F8-EB185020A954}.Release|iPhoneSimulator.Build.0 = Release|iPhoneSimulator
		{1E36BAE9-3436-4AC5-A4F8-EB185020A954}.Release|x64.ActiveCfg = Release|iPhone
		{1E36BAE9-3436-4AC5-A4F8-EB185020A954}.Release|x86.ActiveCfg = Release|iPhone
		{8824BB1D-C17F-476E-8417-1DBC82C86232}.Ad-Hoc|Any CPU.ActiveCfg = Release|x86
		{8824BB1D-C17F-476E-8417-1DBC82C86232}.Ad-Hoc|Any CPU.Build.0 = Release|x86
		{8824BB1D-C17F-476E-8417-1DBC82C86232}.Ad-Hoc|Any CPU.Deploy.0 = Release|x86
		{8824BB1D-C17F-476E-8417-1DBC82C86232}.Ad-Hoc|ARM.ActiveCfg = Release|ARM
		{8824BB1D-C17F-476E-8417-1DBC82C86232}.Ad-Hoc|ARM.Build.0 = Release|ARM
		{8824BB1D-C17F-476E-8417-1DBC82C86232}.Ad-Hoc|ARM.Deploy.0 = Release|ARM
		{8824BB1D-C17F-476E-8417-1DBC82C86232}.Ad-Hoc|iPhone.ActiveCfg = Release|x86
		{8824BB1D-C17F-476E-8417-1DBC82C86232}.Ad-Hoc|iPhone.Build.0 = Release|x86
		{8824BB1D-C17F-476E-8417-1DBC82C86232}.Ad-Hoc|iPhone.Deploy.0 = Release|x86
		{8824BB1D-C17F-476E-8417-1DBC82C86232}.Ad-Hoc|iPhoneSimulator.ActiveCfg = Release|x86
		{8824BB1D-C17F-476E-8417-1DBC82C86232}.Ad-Hoc|iPhoneSimulator.Build.0 = Release|x86
		{8824BB1D-C17F-476E-8417-1DBC82C86232}.Ad-Hoc|iPhoneSimulator.Deploy.0 = Release|x86
		{8824BB1D-C17F-476E-8417-1DBC82C86232}.Ad-Hoc|x64.ActiveCfg = Release|x64
		{8824BB1D-C17F-476E-8417-1DBC82C86232}.Ad-Hoc|x64.Build.0 = Release|x64
		{8824BB1D-C17F-476E-8417-1DBC82C86232}.Ad-Hoc|x64.Deploy.0 = Release|x64
		{8824BB1D-C17F-476E-8417-1DBC82C86232}.Ad-Hoc|x86.ActiveCfg = Release|x86
		{8824BB1D-C17F-476E-8417-1DBC82C86232}.Ad-Hoc|x86.Build.0 = Release|x86
		{8824BB1D-C17F-476E-8417-1DBC82C86232}.Ad-Hoc|x86.Deploy.0 = Release|x86
		{8824BB1D-C17F-476E-8417-1DBC82C86232}.AppStore|Any CPU.ActiveCfg = Release|x86
		{8824BB1D-C17F-476E-8417-1DBC82C86232}.AppStore|Any CPU.Build.0 = Release|x86
		{8824BB1D-C17F-476E-8417-1DBC82C86232}.AppStore|Any CPU.Deploy.0 = Release|x86
		{8824BB1D-C17F-476E-8417-1DBC82C86232}.AppStore|ARM.ActiveCfg = Release|ARM
		{8824BB1D-C17F-476E-8417-1DBC82C86232}.AppStore|ARM.Build.0 = Release|ARM
		{8824BB1D-C17F-476E-8417-1DBC82C86232}.AppStore|ARM.Deploy.0 = Release|ARM
		{8824BB1D-C17F-476E-8417-1DBC82C86232}.AppStore|iPhone.ActiveCfg = Release|x86
		{8824BB1D-C17F-476E-8417-1DBC82C86232}.AppStore|iPhone.Build.0 = Release|x86
		{8824BB1D-C17F-476E-8417-1DBC82C86232}.AppStore|iPhone.Deploy.0 = Release|x86
		{8824BB1D-C17F-476E-8417-1DBC82C86232}.AppStore|iPhoneSimulator.ActiveCfg = Release|x86
		{8824BB1D-C17F-476E-8417-1DBC82C86232}.AppStore|iPhoneSimulator.Build.0 = Release|x86
		{8824BB1D-C17F-476E-8417-1DBC82C86232}.AppStore|iPhoneSimulator.Deploy.0 = Release|x86
		{8824BB1D-C17F-476E-8417-1DBC82C86232}.AppStore|x64.ActiveCfg = Release|x64
		{8824BB1D-C17F-476E-8417-1DBC82C86232}.AppStore|x64.Build.0 = Release|x64
		{8824BB1D-C17F-476E-8417-1DBC82C86232}.AppStore|x64.Deploy.0 = Release|x64
		{8824BB1D-C17F-476E-8417-1DBC82C86232}.AppStore|x86.ActiveCfg = Release|x86
		{8824BB1D-C17F-476E-8417-1DBC82C86232}.AppStore|x86.Build.0 = Release|x86
		{8824BB1D-C17F-476E-8417-1DBC82C86232}.AppStore|x86.Deploy.0 = Release|x86
		{8824BB1D-C17F-476E-8417-1DBC82C86232}.Debug|Any CPU.ActiveCfg = Debug|x86
		{8824BB1D-C17F-476E-8417-1DBC82C86232}.Debug|ARM.ActiveCfg = Debug|ARM
		{8824BB1D-C17F-476E-8417-1DBC82C86232}.Debug|ARM.Build.0 = Debug|ARM
		{8824BB1D-C17F-476E-8417-1DBC82C86232}.Debug|ARM.Deploy.0 = Debug|ARM
		{8824BB1D-C17F-476E-8417-1DBC82C86232}.Debug|iPhone.ActiveCfg = Debug|x86
		{8824BB1D-C17F-476E-8417-1DBC82C86232}.Debug|iPhoneSimulator.ActiveCfg = Debug|x86
		{8824BB1D-C17F-476E-8417-1DBC82C86232}.Debug|x64.ActiveCfg = Debug|x64
		{8824BB1D-C17F-476E-8417-1DBC82C86232}.Debug|x64.Build.0 = Debug|x64
		{8824BB1D-C17F-476E-8417-1DBC82C86232}.Debug|x64.Deploy.0 = Debug|x64
		{8824BB1D-C17F-476E-8417-1DBC82C86232}.Debug|x86.ActiveCfg = Debug|x86
		{8824BB1D-C17F-476E-8417-1DBC82C86232}.Debug|x86.Build.0 = Debug|x86
		{8824BB1D-C17F-476E-8417-1DBC82C86232}.Debug|x86.Deploy.0 = Debug|x86
		{8824BB1D-C17F-476E-8417-1DBC82C86232}.Release|Any CPU.ActiveCfg = Release|x86
		{8824BB1D-C17F-476E-8417-1DBC82C86232}.Release|ARM.ActiveCfg = Release|ARM
		{8824BB1D-C17F-476E-8417-1DBC82C86232}.Release|ARM.Build.0 = Release|ARM
		{8824BB1D-C17F-476E-8417-1DBC82C86232}.Release|ARM.Deploy.0 = Release|ARM
		{8824BB1D-C17F-476E-8417-1DBC82C86232}.Release|iPhone.ActiveCfg = Release|x86
		{8824BB1D-C17F-476E-8417-1DBC82C86232}.Release|iPhoneSimulator.ActiveCfg = Release|x86
		{8824BB1D-C17F-476E-8417-1DBC82C86232}.Release|x64.ActiveCfg = Release|x64
		{8824BB1D-C17F-476E-8417-1DBC82C86232}.Release|x64.Build.0 = Release|x64
		{8824BB1D-C17F-476E-8417-1DBC82C86232}.Release|x64.Deploy.0 = Release|x64
		{8824BB1D-C17F-476E-8417-1DBC82C86232}.Release|x86.ActiveCfg = Release|x86
		{8824BB1D-C17F-476E-8417-1DBC82C86232}.Release|x86.Build.0 = Release|x86
		{8824BB1D-C17F-476E-8417-1DBC82C86232}.Release|x86.Deploy.0 = Release|x86
		{DA238F47-B9AC-47A0-8301-0E8B9DFA5C1E}.Ad-Hoc|Any CPU.ActiveCfg = Release|Any CPU
		{DA238F47-B9AC-47A0-8301-0E8B9DFA5C1E}.Ad-Hoc|Any CPU.Build.0 = Release|Any CPU
		{DA238F47-B9AC-47A0-8301-0E8B9DFA5C1E}.Ad-Hoc|ARM.ActiveCfg = Release|ARM
		{DA238F47-B9AC-47A0-8301-0E8B9DFA5C1E}.Ad-Hoc|ARM.Build.0 = Release|ARM
		{DA238F47-B9AC-47A0-8301-0E8B9DFA5C1E}.Ad-Hoc|iPhone.ActiveCfg = Release|Any CPU
		{DA238F47-B9AC-47A0-8301-0E8B9DFA5C1E}.Ad-Hoc|iPhone.Build.0 = Release|Any CPU
		{DA238F47-B9AC-47A0-8301-0E8B9DFA5C1E}.Ad-Hoc|iPhoneSimulator.ActiveCfg = Release|Any CPU
		{DA238F47-B9AC-47A0-8301-0E8B9DFA5C1E}.Ad-Hoc|iPhoneSimulator.Build.0 = Release|Any CPU
		{DA238F47-B9AC-47A0-8301-0E8B9DFA5C1E}.Ad-Hoc|x64.ActiveCfg = Release|x64
		{DA238F47-B9AC-47A0-8301-0E8B9DFA5C1E}.Ad-Hoc|x64.Build.0 = Release|x64
		{DA238F47-B9AC-47A0-8301-0E8B9DFA5C1E}.Ad-Hoc|x86.ActiveCfg = Release|x86
		{DA238F47-B9AC-47A0-8301-0E8B9DFA5C1E}.Ad-Hoc|x86.Build.0 = Release|x86
		{DA238F47-B9AC-47A0-8301-0E8B9DFA5C1E}.AppStore|Any CPU.ActiveCfg = Release|Any CPU
		{DA238F47-B9AC-47A0-8301-0E8B9DFA5C1E}.AppStore|Any CPU.Build.0 = Release|Any CPU
		{DA238F47-B9AC-47A0-8301-0E8B9DFA5C1E}.AppStore|ARM.ActiveCfg = Release|ARM
		{DA238F47-B9AC-47A0-8301-0E8B9DFA5C1E}.AppStore|ARM.Build.0 = Release|ARM
		{DA238F47-B9AC-47A0-8301-0E8B9DFA5C1E}.AppStore|iPhone.ActiveCfg = Release|Any CPU
		{DA238F47-B9AC-47A0-8301-0E8B9DFA5C1E}.AppStore|iPhone.Build.0 = Release|Any CPU
		{DA238F47-B9AC-47A0-8301-0E8B9DFA5C1E}.AppStore|iPhoneSimulator.ActiveCfg = Release|Any CPU
		{DA238F47-B9AC-47A0-8301-0E8B9DFA5C1E}.AppStore|iPhoneSimulator.Build.0 = Release|Any CPU
		{DA238F47-B9AC-47A0-8301-0E8B9DFA5C1E}.AppStore|x64.ActiveCfg = Release|x64
		{DA238F47-B9AC-47A0-8301-0E8B9DFA5C1E}.AppStore|x64.Build.0 = Release|x64
		{DA238F47-B9AC-47A0-8301-0E8B9DFA5C1E}.AppStore|x86.ActiveCfg = Release|x86
		{DA238F47-B9AC-47A0-8301-0E8B9DFA5C1E}.AppStore|x86.Build.0 = Release|x86
		{DA238F47-B9AC-47A0-8301-0E8B9DFA5C1E}.Debug|Any CPU.ActiveCfg = Debug|Any CPU
		{DA238F47-B9AC-47A0-8301-0E8B9DFA5C1E}.Debug|Any CPU.Build.0 = Debug|Any CPU
		{DA238F47-B9AC-47A0-8301-0E8B9DFA5C1E}.Debug|ARM.ActiveCfg = Debug|ARM
		{DA238F47-B9AC-47A0-8301-0E8B9DFA5C1E}.Debug|ARM.Build.0 = Debug|ARM
		{DA238F47-B9AC-47A0-8301-0E8B9DFA5C1E}.Debug|iPhone.ActiveCfg = Debug|Any CPU
		{DA238F47-B9AC-47A0-8301-0E8B9DFA5C1E}.Debug|iPhone.Build.0 = Debug|Any CPU
		{DA238F47-B9AC-47A0-8301-0E8B9DFA5C1E}.Debug|iPhoneSimulator.ActiveCfg = Debug|Any CPU
		{DA238F47-B9AC-47A0-8301-0E8B9DFA5C1E}.Debug|iPhoneSimulator.Build.0 = Debug|Any CPU
		{DA238F47-B9AC-47A0-8301-0E8B9DFA5C1E}.Debug|x64.ActiveCfg = Debug|x64
		{DA238F47-B9AC-47A0-8301-0E8B9DFA5C1E}.Debug|x64.Build.0 = Debug|x64
		{DA238F47-B9AC-47A0-8301-0E8B9DFA5C1E}.Debug|x86.ActiveCfg = Debug|x86
		{DA238F47-B9AC-47A0-8301-0E8B9DFA5C1E}.Debug|x86.Build.0 = Debug|x86
		{DA238F47-B9AC-47A0-8301-0E8B9DFA5C1E}.Release|Any CPU.ActiveCfg = Release|Any CPU
		{DA238F47-B9AC-47A0-8301-0E8B9DFA5C1E}.Release|Any CPU.Build.0 = Release|Any CPU
		{DA238F47-B9AC-47A0-8301-0E8B9DFA5C1E}.Release|ARM.ActiveCfg = Release|ARM
		{DA238F47-B9AC-47A0-8301-0E8B9DFA5C1E}.Release|ARM.Build.0 = Release|ARM
		{DA238F47-B9AC-47A0-8301-0E8B9DFA5C1E}.Release|iPhone.ActiveCfg = Release|Any CPU
		{DA238F47-B9AC-47A0-8301-0E8B9DFA5C1E}.Release|iPhone.Build.0 = Release|Any CPU
		{DA238F47-B9AC-47A0-8301-0E8B9DFA5C1E}.Release|iPhoneSimulator.ActiveCfg = Release|Any CPU
		{DA238F47-B9AC-47A0-8301-0E8B9DFA5C1E}.Release|iPhoneSimulator.Build.0 = Release|Any CPU
		{DA238F47-B9AC-47A0-8301-0E8B9DFA5C1E}.Release|x64.ActiveCfg = Release|x64
		{DA238F47-B9AC-47A0-8301-0E8B9DFA5C1E}.Release|x64.Build.0 = Release|x64
		{DA238F47-B9AC-47A0-8301-0E8B9DFA5C1E}.Release|x86.ActiveCfg = Release|x86
		{DA238F47-B9AC-47A0-8301-0E8B9DFA5C1E}.Release|x86.Build.0 = Release|x86
	EndGlobalSection
	GlobalSection(SolutionProperties) = preSolution
		HideSolutionNode = FALSE
	EndGlobalSection
EndGlobal
