
Microsoft Visual Studio Solution File, Format Version 12.00
# Visual Studio 14
VisualStudioVersion = 14.0.25420.1
MinimumVisualStudioVersion = 10.0.40219.1
Project("{FAE04EC0-301F-11D3-BF4B-00C04F79EFBC}") = "BasicNativeApp.Droid", "WeatherApp\WeatherApp.Droid\BasicNativeApp.Droid.csproj", "{408F34B8-82ED-44C0-8D27-6D64014D06F4}"
EndProject
Project("{FAE04EC0-301F-11D3-BF4B-00C04F79EFBC}") = "BasicNativeApp.iOS", "WeatherApp\WeatherApp.iOS\BasicNativeApp.iOS.csproj", "{F61A86DB-7C2A-48ED-8A5E-46B73F6F625C}"
EndProject
Project("{FAE04EC0-301F-11D3-BF4B-00C04F79EFBC}") = "BasicNativeApp", "WeatherApp\WeatherApp\BasicNativeApp.csproj", "{F51F8009-825B-462D-A037-5E85986B44D5}"
EndProject
Global
	GlobalSection(SolutionConfigurationPlatforms) = preSolution
		Debug|Any CPU = Debug|Any CPU
		Debug|iPhone = Debug|iPhone
		Debug|iPhoneSimulator = Debug|iPhoneSimulator
		Release|Any CPU = Release|Any CPU
		Release|iPhone = Release|iPhone
		Release|iPhoneSimulator = Release|iPhoneSimulator
	EndGlobalSection
	GlobalSection(ProjectConfigurationPlatforms) = postSolution
		{408F34B8-82ED-44C0-8D27-6D64014D06F4}.Debug|Any CPU.ActiveCfg = Debug|Any CPU
		{408F34B8-82ED-44C0-8D27-6D64014D06F4}.Debug|Any CPU.Build.0 = Debug|Any CPU
		{408F34B8-82ED-44C0-8D27-6D64014D06F4}.Debug|Any CPU.Deploy.0 = Debug|Any CPU
		{408F34B8-82ED-44C0-8D27-6D64014D06F4}.Debug|iPhone.ActiveCfg = Debug|Any CPU
		{408F34B8-82ED-44C0-8D27-6D64014D06F4}.Debug|iPhone.Build.0 = Debug|Any CPU
		{408F34B8-82ED-44C0-8D27-6D64014D06F4}.Debug|iPhone.Deploy.0 = Debug|Any CPU
		{408F34B8-82ED-44C0-8D27-6D64014D06F4}.Debug|iPhoneSimulator.ActiveCfg = Debug|Any CPU
		{408F34B8-82ED-44C0-8D27-6D64014D06F4}.Debug|iPhoneSimulator.Build.0 = Debug|Any CPU
		{408F34B8-82ED-44C0-8D27-6D64014D06F4}.Debug|iPhoneSimulator.Deploy.0 = Debug|Any CPU
		{408F34B8-82ED-44C0-8D27-6D64014D06F4}.Release|Any CPU.ActiveCfg = Release|Any CPU
		{408F34B8-82ED-44C0-8D27-6D64014D06F4}.Release|Any CPU.Build.0 = Release|Any CPU
		{408F34B8-82ED-44C0-8D27-6D64014D06F4}.Release|Any CPU.Deploy.0 = Release|Any CPU
		{408F34B8-82ED-44C0-8D27-6D64014D06F4}.Release|iPhone.ActiveCfg = Release|Any CPU
		{408F34B8-82ED-44C0-8D27-6D64014D06F4}.Release|iPhone.Build.0 = Release|Any CPU
		{408F34B8-82ED-44C0-8D27-6D64014D06F4}.Release|iPhone.Deploy.0 = Release|Any CPU
		{408F34B8-82ED-44C0-8D27-6D64014D06F4}.Release|iPhoneSimulator.ActiveCfg = Release|Any CPU
		{408F34B8-82ED-44C0-8D27-6D64014D06F4}.Release|iPhoneSimulator.Build.0 = Release|Any CPU
		{408F34B8-82ED-44C0-8D27-6D64014D06F4}.Release|iPhoneSimulator.Deploy.0 = Release|Any CPU
		{F61A86DB-7C2A-48ED-8A5E-46B73F6F625C}.Debug|Any CPU.ActiveCfg = Debug|iPhone
		{F61A86DB-7C2A-48ED-8A5E-46B73F6F625C}.Debug|iPhone.ActiveCfg = Debug|iPhone
		{F61A86DB-7C2A-48ED-8A5E-46B73F6F625C}.Debug|iPhone.Build.0 = Debug|iPhone
		{F61A86DB-7C2A-48ED-8A5E-46B73F6F625C}.Debug|iPhoneSimulator.ActiveCfg = Debug|iPhoneSimulator
		{F61A86DB-7C2A-48ED-8A5E-46B73F6F625C}.Debug|iPhoneSimulator.Build.0 = Debug|iPhoneSimulator
		{F61A86DB-7C2A-48ED-8A5E-46B73F6F625C}.Release|Any CPU.ActiveCfg = Release|iPhone
		{F61A86DB-7C2A-48ED-8A5E-46B73F6F625C}.Release|iPhone.ActiveCfg = Release|iPhone
		{F61A86DB-7C2A-48ED-8A5E-46B73F6F625C}.Release|iPhone.Build.0 = Release|iPhone
		{F61A86DB-7C2A-48ED-8A5E-46B73F6F625C}.Release|iPhoneSimulator.ActiveCfg = Release|iPhoneSimulator
		{F61A86DB-7C2A-48ED-8A5E-46B73F6F625C}.Release|iPhoneSimulator.Build.0 = Release|iPhoneSimulator
		{F51F8009-825B-462D-A037-5E85986B44D5}.Debug|Any CPU.ActiveCfg = Debug|Any CPU
		{F51F8009-825B-462D-A037-5E85986B44D5}.Debug|Any CPU.Build.0 = Debug|Any CPU
		{F51F8009-825B-462D-A037-5E85986B44D5}.Debug|iPhone.ActiveCfg = Debug|Any CPU
		{F51F8009-825B-462D-A037-5E85986B44D5}.Debug|iPhone.Build.0 = Debug|Any CPU
		{F51F8009-825B-462D-A037-5E85986B44D5}.Debug|iPhoneSimulator.ActiveCfg = Debug|Any CPU
		{F51F8009-825B-462D-A037-5E85986B44D5}.Debug|iPhoneSimulator.Build.0 = Debug|Any CPU
		{F51F8009-825B-462D-A037-5E85986B44D5}.Release|Any CPU.ActiveCfg = Release|Any CPU
		{F51F8009-825B-462D-A037-5E85986B44D5}.Release|Any CPU.Build.0 = Release|Any CPU
		{F51F8009-825B-462D-A037-5E85986B44D5}.Release|iPhone.ActiveCfg = Release|Any CPU
		{F51F8009-825B-462D-A037-5E85986B44D5}.Release|iPhone.Build.0 = Release|Any CPU
		{F51F8009-825B-462D-A037-5E85986B44D5}.Release|iPhoneSimulator.ActiveCfg = Release|Any CPU
		{F51F8009-825B-462D-A037-5E85986B44D5}.Release|iPhoneSimulator.Build.0 = Release|Any CPU
	EndGlobalSection
	GlobalSection(SolutionProperties) = preSolution
		HideSolutionNode = FALSE
	EndGlobalSection
EndGlobal
